
Microsoft Visual Studio Solution File, Format Version 12.00
# Visual Studio 15
VisualStudioVersion = 15.0.26020.0
MinimumVisualStudioVersion = 10.0.40219.1
Project("{FAE04EC0-301F-11D3-BF4B-00C04F79EFBC}") = "LibarySystem.UI", "LibarySystem.UI\LibarySystem.UI.csproj", "{28DC4A03-D128-49D9-B6DF-BA4AFD1BFB03}"
EndProject
Project("{FAE04EC0-301F-11D3-BF4B-00C04F79EFBC}") = "LibarySystem.Core", "LibarySystem.Core\LibarySystem.Core.csproj", "{A7138B9E-44B8-40C0-A9E4-0182CB9652B8}"
EndProject
Project("{FAE04EC0-301F-11D3-BF4B-00C04F79EFBC}") = "LibarySystem.UnitTest", "LibarySystem.UnitTest\LibarySystem.UnitTest.csproj", "{17EBE1AE-DCEC-4D31-A15A-2DFAC96FC188}"
EndProject
Project("{FAE04EC0-301F-11D3-BF4B-00C04F79EFBC}") = "LibarySystem.SQLDataReader", "LibarySystem.SQLDataReader\LibarySystem.SQLDataReader.csproj", "{E84019FA-DF1F-4E1D-8EF7-E1EB4954D273}"
EndProject
Global
	GlobalSection(SolutionConfigurationPlatforms) = preSolution
		Debug|Any CPU = Debug|Any CPU
		Release|Any CPU = Release|Any CPU
	EndGlobalSection
	GlobalSection(ProjectConfigurationPlatforms) = postSolution
		{28DC4A03-D128-49D9-B6DF-BA4AFD1BFB03}.Debug|Any CPU.ActiveCfg = Debug|Any CPU
		{28DC4A03-D128-49D9-B6DF-BA4AFD1BFB03}.Debug|Any CPU.Build.0 = Debug|Any CPU
		{28DC4A03-D128-49D9-B6DF-BA4AFD1BFB03}.Release|Any CPU.ActiveCfg = Release|Any CPU
		{28DC4A03-D128-49D9-B6DF-BA4AFD1BFB03}.Release|Any CPU.Build.0 = Release|Any CPU
		{A7138B9E-44B8-40C0-A9E4-0182CB9652B8}.Debug|Any CPU.ActiveCfg = Debug|Any CPU
		{A7138B9E-44B8-40C0-A9E4-0182CB9652B8}.Debug|Any CPU.Build.0 = Debug|Any CPU
		{A7138B9E-44B8-40C0-A9E4-0182CB9652B8}.Release|Any CPU.ActiveCfg = Release|Any CPU
		{A7138B9E-44B8-40C0-A9E4-0182CB9652B8}.Release|Any CPU.Build.0 = Release|Any CPU
		{17EBE1AE-DCEC-4D31-A15A-2DFAC96FC188}.Debug|Any CPU.ActiveCfg = Debug|Any CPU
		{17EBE1AE-DCEC-4D31-A15A-2DFAC96FC188}.Debug|Any CPU.Build.0 = Debug|Any CPU
		{17EBE1AE-DCEC-4D31-A15A-2DFAC96FC188}.Release|Any CPU.ActiveCfg = Release|Any CPU
		{17EBE1AE-DCEC-4D31-A15A-2DFAC96FC188}.Release|Any CPU.Build.0 = Release|Any CPU
		{E84019FA-DF1F-4E1D-8EF7-E1EB4954D273}.Debug|Any CPU.ActiveCfg = Debug|Any CPU
		{E84019FA-DF1F-4E1D-8EF7-E1EB4954D273}.Debug|Any CPU.Build.0 = Debug|Any CPU
		{E84019FA-DF1F-4E1D-8EF7-E1EB4954D273}.Release|Any CPU.ActiveCfg = Release|Any CPU
		{E84019FA-DF1F-4E1D-8EF7-E1EB4954D273}.Release|Any CPU.Build.0 = Release|Any CPU
	EndGlobalSection
	GlobalSection(SolutionProperties) = preSolution
		HideSolutionNode = FALSE
	EndGlobalSection
EndGlobal
