
Microsoft Visual Studio Solution File, Format Version 12.00
# Visual Studio 15
VisualStudioVersion = 15.0.26127.0
MinimumVisualStudioVersion = 10.0.40219.1
Project("{FAE04EC0-301F-11D3-BF4B-00C04F79EFBC}") = "LibarySystem.UI", "LibarySystem.UI\LibarySystem.UI.csproj", "{28DC4A03-D128-49D9-B6DF-BA4AFD1BFB03}"
EndProject
Project("{FAE04EC0-301F-11D3-BF4B-00C04F79EFBC}") = "LibarySystem.Core", "LibarySystem.Core\LibarySystem.Core.csproj", "{A7138B9E-44B8-40C0-A9E4-0182CB9652B8}"
EndProject
Project("{FAE04EC0-301F-11D3-BF4B-00C04F79EFBC}") = "LibarySystem.DataModel", "LibarySystem.DataModel\LibarySystem.DataModel.csproj", "{5F2FD30D-759B-48F4-95B8-2AB11C6874FF}"
EndProject
Project("{FAE04EC0-301F-11D3-BF4B-00C04F79EFBC}") = "LibarySystem.Test", "LibarySystem.Test\LibarySystem.Test.csproj", "{EB622520-98A3-4EF2-A61C-9BD7ECB1D740}"
EndProject
Global
	GlobalSection(SolutionConfigurationPlatforms) = preSolution
		Debug|Any CPU = Debug|Any CPU
		Release|Any CPU = Release|Any CPU
	EndGlobalSection
	GlobalSection(ProjectConfigurationPlatforms) = postSolution
		{28DC4A03-D128-49D9-B6DF-BA4AFD1BFB03}.Debug|Any CPU.ActiveCfg = Debug|Any CPU
		{28DC4A03-D128-49D9-B6DF-BA4AFD1BFB03}.Debug|Any CPU.Build.0 = Debug|Any CPU
		{28DC4A03-D128-49D9-B6DF-BA4AFD1BFB03}.Release|Any CPU.ActiveCfg = Release|Any CPU
		{28DC4A03-D128-49D9-B6DF-BA4AFD1BFB03}.Release|Any CPU.Build.0 = Release|Any CPU
		{A7138B9E-44B8-40C0-A9E4-0182CB9652B8}.Debug|Any CPU.ActiveCfg = Debug|Any CPU
		{A7138B9E-44B8-40C0-A9E4-0182CB9652B8}.Debug|Any CPU.Build.0 = Debug|Any CPU
		{A7138B9E-44B8-40C0-A9E4-0182CB9652B8}.Release|Any CPU.ActiveCfg = Release|Any CPU
		{A7138B9E-44B8-40C0-A9E4-0182CB9652B8}.Release|Any CPU.Build.0 = Release|Any CPU
		{5F2FD30D-759B-48F4-95B8-2AB11C6874FF}.Debug|Any CPU.ActiveCfg = Debug|Any CPU
		{5F2FD30D-759B-48F4-95B8-2AB11C6874FF}.Debug|Any CPU.Build.0 = Debug|Any CPU
		{5F2FD30D-759B-48F4-95B8-2AB11C6874FF}.Release|Any CPU.ActiveCfg = Release|Any CPU
		{5F2FD30D-759B-48F4-95B8-2AB11C6874FF}.Release|Any CPU.Build.0 = Release|Any CPU
		{EB622520-98A3-4EF2-A61C-9BD7ECB1D740}.Debug|Any CPU.ActiveCfg = Debug|Any CPU
		{EB622520-98A3-4EF2-A61C-9BD7ECB1D740}.Debug|Any CPU.Build.0 = Debug|Any CPU
		{EB622520-98A3-4EF2-A61C-9BD7ECB1D740}.Release|Any CPU.ActiveCfg = Release|Any CPU
		{EB622520-98A3-4EF2-A61C-9BD7ECB1D740}.Release|Any CPU.Build.0 = Release|Any CPU
	EndGlobalSection
	GlobalSection(SolutionProperties) = preSolution
		HideSolutionNode = FALSE
	EndGlobalSection
EndGlobal
